# THIS IS AN AUTOGENERATED FILE. DO NOT EDIT THIS FILE DIRECTLY.
# yarn lockfile v1


csv-parse@^5.3.3:
  version "5.3.3"
  resolved "https://registry.yarnpkg.com/csv-parse/-/csv-parse-5.3.3.tgz#3b75d2279e2edb550cbc54c65b25cbbf3d0033ad"
  integrity sha512-kEWkAPleNEdhFNkHQpFHu9RYPogsFj3dx6bCxL847fsiLgidzWg0z/O0B1kVWMJUc5ky64zGp18LX2T3DQrOfw==

lodash@^4.17.21:
  version "4.17.21"
  resolved "https://registry.yarnpkg.com/lodash/-/lodash-4.17.21.tgz#679591c564c3bffaae8454cf0b3df370c3d6911c"
  integrity sha512-v2kDEe57lecTulaDIuNTPy3Ry4gLGJ6Z1O3vE1krgXZNrsQ+LFTGHVxVjcXPs17LhbZVGedAJv8XZ1tvj5FvSg==

moment@^2.29.4:
  version "2.29.4"
  resolved "https://registry.yarnpkg.com/moment/-/moment-2.29.4.tgz#3dbe052889fe7c1b2ed966fcb3a77328964ef108"
  integrity sha512-5LC9SOxjSc2HF6vO2CyuTDNivEdoz2IvyJJGj6X8DJ0eFyfszE0QiEd+iXmBvUP3WHxSjFH/vIsA0EN00cgr8w==

playwright-core@1.28.1:
  version "1.28.1"
  resolved "https://registry.yarnpkg.com/playwright-core/-/playwright-core-1.28.1.tgz#8400be9f4a8d1c0489abdb9e75a4cc0ffc3c00cb"
  integrity sha512-3PixLnGPno0E8rSBJjtwqTwJe3Yw72QwBBBxNoukIj3lEeBNXwbNiKrNuB1oyQgTBw5QHUhNO3SteEtHaMK6ag==

playwright@^1.28.1:
  version "1.28.1"
  resolved "https://registry.yarnpkg.com/playwright/-/playwright-1.28.1.tgz#f23247f1de466ff73d7230d94df96271e5da6583"
  integrity sha512-92Sz6XBlfHlb9tK5UCDzIFAuIkHHpemA9zwUaqvo+w7sFMSmVMGmvKcbptof/eJObq63PGnMhM75x7qxhTR78Q==
  dependencies:
    playwright-core "1.28.1"
